
Microsoft Visual Studio Solution File, Format Version 12.00
# Visual Studio Version 17
VisualStudioVersion = 17.0.32014.148
MinimumVisualStudioVersion = 10.0.40219.1
Project("{FAE04EC0-301F-11D3-BF4B-00C04F79EFBC}") = "WebApplication1", "WebApplication1.csproj", "{57D73B42-C832-4D4F-A335-C933478479BE}"
EndProject
Global
	GlobalSection(SolutionConfigurationPlatforms) = preSolution
		Debug|Any CPU = Debug|Any CPU
		Release|Any CPU = Release|Any CPU
	EndGlobalSection
	GlobalSection(ProjectConfigurationPlatforms) = postSolution
		{57D73B42-C832-4D4F-A335-C933478479BE}.Debug|Any CPU.ActiveCfg = Debug|Any CPU
		{57D73B42-C832-4D4F-A335-C933478479BE}.Debug|Any CPU.Build.0 = Debug|Any CPU
		{57D73B42-C832-4D4F-A335-C933478479BE}.Release|Any CPU.ActiveCfg = Release|Any CPU
		{57D73B42-C832-4D4F-A335-C933478479BE}.Release|Any CPU.Build.0 = Release|Any CPU
	EndGlobalSection
	GlobalSection(SolutionProperties) = preSolution
		HideSolutionNode = FALSE
	EndGlobalSection
	GlobalSection(ExtensibilityGlobals) = postSolution
		SolutionGuid = {28EB7DE1-E9E5-4527-ACF0-B228F3C75B7C}
	EndGlobalSection
EndGlobal
